// !$*UTF8*$!
{
	archiveVersion = 1;
	classes = {
	};
	objectVersion = 48;
	objects = {

/* Begin PBXBuildFile section */
		510F157B2067D15600B2B87A /* ListViewController.swift in Sources */ = {isa = PBXBuildFile; fileRef = 510F157A2067D15600B2B87A /* ListViewController.swift */; };
		510F15802067D36000B2B87A /* logo.jpg in Resources */ = {isa = PBXBuildFile; fileRef = 510F157F2067D35F00B2B87A /* logo.jpg */; };
		513D624720697A0F00B80804 /* IteratorGeneratorDemoViewController.swift in Sources */ = {isa = PBXBuildFile; fileRef = 513D624620697A0F00B80804 /* IteratorGeneratorDemoViewController.swift */; };
		513D624920697A1F00B80804 /* IteratorGeneratorDemoViewController.xib in Resources */ = {isa = PBXBuildFile; fileRef = 513D624820697A1F00B80804 /* IteratorGeneratorDemoViewController.xib */; };
		516E4DD52067FC5400997079 /* DemoViewController.swift in Sources */ = {isa = PBXBuildFile; fileRef = 516E4DD42067FC5400997079 /* DemoViewController.swift */; };
		51AB851E2067CA7F00FAADAE /* StateGenerator.framework in Frameworks */ = {isa = PBXBuildFile; fileRef = 51A934852067CA64006205C7 /* StateGenerator.framework */; };
		51CF186C2067D6DC0047EEAF /* ListTableViewCell.swift in Sources */ = {isa = PBXBuildFile; fileRef = 51CF186B2067D6DC0047EEAF /* ListTableViewCell.swift */; };
		51CF18702067D9520047EEAF /* Demo.swift in Sources */ = {isa = PBXBuildFile; fileRef = 51CF186F2067D9520047EEAF /* Demo.swift */; };
		51CF18722067D9D80047EEAF /* Index.swift in Sources */ = {isa = PBXBuildFile; fileRef = 51CF18712067D9D80047EEAF /* Index.swift */; };
		51CF18742067DF820047EEAF /* RandomImageGeneratorDemoViewController.swift in Sources */ = {isa = PBXBuildFile; fileRef = 51CF18732067DF820047EEAF /* RandomImageGeneratorDemoViewController.swift */; };
		51CF187F2067E7360047EEAF /* RandomImageGeneratorDemoViewController.xib in Resources */ = {isa = PBXBuildFile; fileRef = 51CF187E2067E7360047EEAF /* RandomImageGeneratorDemoViewController.xib */; };
		51CF18982067F31C0047EEAF /* Presenter.swift in Sources */ = {isa = PBXBuildFile; fileRef = 51CF18972067F31C0047EEAF /* Presenter.swift */; };
		51D52BA82067C8E100898942 /* AppDelegate.swift in Sources */ = {isa = PBXBuildFile; fileRef = 51D52BA72067C8E100898942 /* AppDelegate.swift */; };
		51D52BAD2067C8E100898942 /* Main.storyboard in Resources */ = {isa = PBXBuildFile; fileRef = 51D52BAB2067C8E100898942 /* Main.storyboard */; };
		51D52BAF2067C8E100898942 /* Assets.xcassets in Resources */ = {isa = PBXBuildFile; fileRef = 51D52BAE2067C8E100898942 /* Assets.xcassets */; };
		51D52BB22067C8E100898942 /* LaunchScreen.storyboard in Resources */ = {isa = PBXBuildFile; fileRef = 51D52BB02067C8E100898942 /* LaunchScreen.storyboard */; };
/* End PBXBuildFile section */

/* Begin PBXContainerItemProxy section */
		51A934842067CA64006205C7 /* PBXContainerItemProxy */ = {
			isa = PBXContainerItemProxy;
			containerPortal = 51A9347F2067CA64006205C7 /* StateGenerator.xcodeproj */;
			proxyType = 2;
			remoteGlobalIDString = 512EC5DD20671A3400235056;
			remoteInfo = StateGenerator;
		};
		51A934862067CA64006205C7 /* PBXContainerItemProxy */ = {
			isa = PBXContainerItemProxy;
			containerPortal = 51A9347F2067CA64006205C7 /* StateGenerator.xcodeproj */;
			proxyType = 2;
			remoteGlobalIDString = 512EC5E620671A3400235056;
			remoteInfo = StateGeneratorTests;
		};
		51AB851A2067CA7B00FAADAE /* PBXContainerItemProxy */ = {
			isa = PBXContainerItemProxy;
			containerPortal = 51A9347F2067CA64006205C7 /* StateGenerator.xcodeproj */;
			proxyType = 1;
			remoteGlobalIDString = 512EC5DC20671A3400235056;
			remoteInfo = StateGenerator;
		};
/* End PBXContainerItemProxy section */

/* Begin PBXFileReference section */
		510F157A2067D15600B2B87A /* ListViewController.swift */ = {isa = PBXFileReference; lastKnownFileType = sourcecode.swift; path = ListViewController.swift; sourceTree = "<group>"; };
		510F157F2067D35F00B2B87A /* logo.jpg */ = {isa = PBXFileReference; lastKnownFileType = image.jpeg; name = logo.jpg; path = Docs/logo.jpg; sourceTree = "<group>"; };
		513D624620697A0F00B80804 /* IteratorGeneratorDemoViewController.swift */ = {isa = PBXFileReference; lastKnownFileType = sourcecode.swift; path = IteratorGeneratorDemoViewController.swift; sourceTree = "<group>"; };
		513D624820697A1F00B80804 /* IteratorGeneratorDemoViewController.xib */ = {isa = PBXFileReference; lastKnownFileType = file.xib; path = IteratorGeneratorDemoViewController.xib; sourceTree = "<group>"; };
		516E4DD42067FC5400997079 /* DemoViewController.swift */ = {isa = PBXFileReference; lastKnownFileType = sourcecode.swift; path = DemoViewController.swift; sourceTree = "<group>"; };
		51A9347F2067CA64006205C7 /* StateGenerator.xcodeproj */ = {isa = PBXFileReference; lastKnownFileType = "wrapper.pb-project"; path = StateGenerator.xcodeproj; sourceTree = "<group>"; };
		51CF186B2067D6DC0047EEAF /* ListTableViewCell.swift */ = {isa = PBXFileReference; lastKnownFileType = sourcecode.swift; path = ListTableViewCell.swift; sourceTree = "<group>"; };
		51CF186F2067D9520047EEAF /* Demo.swift */ = {isa = PBXFileReference; lastKnownFileType = sourcecode.swift; path = Demo.swift; sourceTree = "<group>"; };
		51CF18712067D9D80047EEAF /* Index.swift */ = {isa = PBXFileReference; lastKnownFileType = sourcecode.swift; path = Index.swift; sourceTree = "<group>"; };
		51CF18732067DF820047EEAF /* RandomImageGeneratorDemoViewController.swift */ = {isa = PBXFileReference; lastKnownFileType = sourcecode.swift; path = RandomImageGeneratorDemoViewController.swift; sourceTree = "<group>"; };
		51CF187E2067E7360047EEAF /* RandomImageGeneratorDemoViewController.xib */ = {isa = PBXFileReference; lastKnownFileType = file.xib; path = RandomImageGeneratorDemoViewController.xib; sourceTree = "<group>"; };
		51CF18972067F31C0047EEAF /* Presenter.swift */ = {isa = PBXFileReference; lastKnownFileType = sourcecode.swift; path = Presenter.swift; sourceTree = "<group>"; };
		51D52BA42067C8E100898942 /* StateGeneratorExamples.app */ = {isa = PBXFileReference; explicitFileType = wrapper.application; includeInIndex = 0; path = StateGeneratorExamples.app; sourceTree = BUILT_PRODUCTS_DIR; };
		51D52BA72067C8E100898942 /* AppDelegate.swift */ = {isa = PBXFileReference; lastKnownFileType = sourcecode.swift; path = AppDelegate.swift; sourceTree = "<group>"; };
		51D52BAC2067C8E100898942 /* Base */ = {isa = PBXFileReference; lastKnownFileType = file.storyboard; name = Base; path = Base.lproj/Main.storyboard; sourceTree = "<group>"; };
		51D52BAE2067C8E100898942 /* Assets.xcassets */ = {isa = PBXFileReference; lastKnownFileType = folder.assetcatalog; path = Assets.xcassets; sourceTree = "<group>"; };
		51D52BB12067C8E100898942 /* Base */ = {isa = PBXFileReference; lastKnownFileType = file.storyboard; name = Base; path = Base.lproj/LaunchScreen.storyboard; sourceTree = "<group>"; };
		51D52BB32067C8E100898942 /* Info.plist */ = {isa = PBXFileReference; lastKnownFileType = text.plist.xml; path = Info.plist; sourceTree = "<group>"; };
/* End PBXFileReference section */

/* Begin PBXFrameworksBuildPhase section */
		51D52BA12067C8E100898942 /* Frameworks */ = {
			isa = PBXFrameworksBuildPhase;
			buildActionMask = 2147483647;
			files = (
				51AB851E2067CA7F00FAADAE /* StateGenerator.framework in Frameworks */,
			);
			runOnlyForDeploymentPostprocessing = 0;
		};
/* End PBXFrameworksBuildPhase section */

/* Begin PBXGroup section */
		510F15752067D10200B2B87A /* List */ = {
			isa = PBXGroup;
			children = (
				51CF186E2067D92F0047EEAF /* Index */,
				510F15792067D14700B2B87A /* View */,
			);
			path = List;
			sourceTree = "<group>";
		};
		510F15772067D11100B2B87A /* Demo */ = {
			isa = PBXGroup;
			children = (
				516E4DD22067FC4100997079 /* Helper */,
				510F15782067D11F00B2B87A /* RandomImageGenerator */,
				513D6244206979F500B80804 /* IteratorGenerator */,
				51828AA4206829D400AAC791 /* SequenceGenerator */,
				51CF18972067F31C0047EEAF /* Presenter.swift */,
			);
			path = Demo;
			sourceTree = "<group>";
		};
		510F15782067D11F00B2B87A /* RandomImageGenerator */ = {
			isa = PBXGroup;
			children = (
				51CF18732067DF820047EEAF /* RandomImageGeneratorDemoViewController.swift */,
				51CF187E2067E7360047EEAF /* RandomImageGeneratorDemoViewController.xib */,
			);
			path = RandomImageGenerator;
			sourceTree = "<group>";
		};
		510F15792067D14700B2B87A /* View */ = {
			isa = PBXGroup;
			children = (
				510F157A2067D15600B2B87A /* ListViewController.swift */,
				51CF186B2067D6DC0047EEAF /* ListTableViewCell.swift */,
			);
			path = View;
			sourceTree = "<group>";
		};
		510F157E2067D35300B2B87A /* Resources */ = {
			isa = PBXGroup;
			children = (
				510F157F2067D35F00B2B87A /* logo.jpg */,
			);
			name = Resources;
			sourceTree = "<group>";
		};
		513D6244206979F500B80804 /* IteratorGenerator */ = {
			isa = PBXGroup;
			children = (
				513D624620697A0F00B80804 /* IteratorGeneratorDemoViewController.swift */,
				513D624820697A1F00B80804 /* IteratorGeneratorDemoViewController.xib */,
			);
			path = IteratorGenerator;
			sourceTree = "<group>";
		};
		516E4DD22067FC4100997079 /* Helper */ = {
			isa = PBXGroup;
			children = (
				516E4DD42067FC5400997079 /* DemoViewController.swift */,
			);
			path = Helper;
			sourceTree = "<group>";
		};
		51828AA4206829D400AAC791 /* SequenceGenerator */ = {
			isa = PBXGroup;
			children = (
			);
			path = SequenceGenerator;
			sourceTree = "<group>";
		};
		51A934802067CA64006205C7 /* Products */ = {
			isa = PBXGroup;
			children = (
				51A934852067CA64006205C7 /* StateGenerator.framework */,
				51A934872067CA64006205C7 /* StateGeneratorTests.xctest */,
			);
			name = Products;
			sourceTree = "<group>";
		};
		51CF186E2067D92F0047EEAF /* Index */ = {
			isa = PBXGroup;
			children = (
				51CF186F2067D9520047EEAF /* Demo.swift */,
				51CF18712067D9D80047EEAF /* Index.swift */,
			);
			path = Index;
			sourceTree = "<group>";
		};
		51D52B9B2067C8E100898942 = {
			isa = PBXGroup;
			children = (
				510F157E2067D35300B2B87A /* Resources */,
				51D52BBA2067CA0100898942 /* Frameworks */,
				51D52BA62067C8E100898942 /* Examples */,
				51D52BA52067C8E100898942 /* Products */,
			);
			sourceTree = "<group>";
		};
		51D52BA52067C8E100898942 /* Products */ = {
			isa = PBXGroup;
			children = (
				51D52BA42067C8E100898942 /* StateGeneratorExamples.app */,
			);
			name = Products;
			sourceTree = "<group>";
		};
		51D52BA62067C8E100898942 /* Examples */ = {
			isa = PBXGroup;
			children = (
				510F15772067D11100B2B87A /* Demo */,
				510F15752067D10200B2B87A /* List */,
				51D52BA72067C8E100898942 /* AppDelegate.swift */,
				51D52BAB2067C8E100898942 /* Main.storyboard */,
				51D52BAE2067C8E100898942 /* Assets.xcassets */,
				51D52BB02067C8E100898942 /* LaunchScreen.storyboard */,
				51D52BB32067C8E100898942 /* Info.plist */,
			);
			path = Examples;
			sourceTree = "<group>";
		};
		51D52BBA2067CA0100898942 /* Frameworks */ = {
			isa = PBXGroup;
			children = (
				51A9347F2067CA64006205C7 /* StateGenerator.xcodeproj */,
			);
			name = Frameworks;
			sourceTree = "<group>";
		};
/* End PBXGroup section */

/* Begin PBXNativeTarget section */
		51D52BA32067C8E100898942 /* StateGeneratorExamples */ = {
			isa = PBXNativeTarget;
			buildConfigurationList = 51D52BB62067C8E100898942 /* Build configuration list for PBXNativeTarget "StateGeneratorExamples" */;
			buildPhases = (
				51D52BA02067C8E100898942 /* Sources */,
				51D52BA12067C8E100898942 /* Frameworks */,
				51D52BA22067C8E100898942 /* Resources */,
			);
			buildRules = (
			);
			dependencies = (
				51AB851B2067CA7B00FAADAE /* PBXTargetDependency */,
			);
			name = StateGeneratorExamples;
			productName = StateGeneratorExamples;
			productReference = 51D52BA42067C8E100898942 /* StateGeneratorExamples.app */;
			productType = "com.apple.product-type.application";
		};
/* End PBXNativeTarget section */

/* Begin PBXProject section */
		51D52B9C2067C8E100898942 /* Project object */ = {
			isa = PBXProject;
			attributes = {
				LastSwiftUpdateCheck = 0920;
				LastUpgradeCheck = 0920;
				ORGANIZATIONNAME = "Marcin Iwanicki";
				TargetAttributes = {
					51D52BA32067C8E100898942 = {
						CreatedOnToolsVersion = 9.2;
						ProvisioningStyle = Automatic;
					};
				};
			};
			buildConfigurationList = 51D52B9F2067C8E100898942 /* Build configuration list for PBXProject "StateGeneratorExamples" */;
			compatibilityVersion = "Xcode 8.0";
			developmentRegion = en;
			hasScannedForEncodings = 0;
			knownRegions = (
				en,
				Base,
			);
			mainGroup = 51D52B9B2067C8E100898942;
			productRefGroup = 51D52BA52067C8E100898942 /* Products */;
			projectDirPath = "";
			projectReferences = (
				{
					ProductGroup = 51A934802067CA64006205C7 /* Products */;
					ProjectRef = 51A9347F2067CA64006205C7 /* StateGenerator.xcodeproj */;
				},
			);
			projectRoot = "";
			targets = (
				51D52BA32067C8E100898942 /* StateGeneratorExamples */,
			);
		};
/* End PBXProject section */

/* Begin PBXReferenceProxy section */
		51A934852067CA64006205C7 /* StateGenerator.framework */ = {
			isa = PBXReferenceProxy;
			fileType = wrapper.framework;
			path = StateGenerator.framework;
			remoteRef = 51A934842067CA64006205C7 /* PBXContainerItemProxy */;
			sourceTree = BUILT_PRODUCTS_DIR;
		};
		51A934872067CA64006205C7 /* StateGeneratorTests.xctest */ = {
			isa = PBXReferenceProxy;
			fileType = wrapper.cfbundle;
			path = StateGeneratorTests.xctest;
			remoteRef = 51A934862067CA64006205C7 /* PBXContainerItemProxy */;
			sourceTree = BUILT_PRODUCTS_DIR;
		};
/* End PBXReferenceProxy section */

/* Begin PBXResourcesBuildPhase section */
		51D52BA22067C8E100898942 /* Resources */ = {
			isa = PBXResourcesBuildPhase;
			buildActionMask = 2147483647;
			files = (
				510F15802067D36000B2B87A /* logo.jpg in Resources */,
				51CF187F2067E7360047EEAF /* RandomImageGeneratorDemoViewController.xib in Resources */,
				51D52BB22067C8E100898942 /* LaunchScreen.storyboard in Resources */,
				51D52BAF2067C8E100898942 /* Assets.xcassets in Resources */,
				51D52BAD2067C8E100898942 /* Main.storyboard in Resources */,
				513D624920697A1F00B80804 /* IteratorGeneratorDemoViewController.xib in Resources */,
			);
			runOnlyForDeploymentPostprocessing = 0;
		};
/* End PBXResourcesBuildPhase section */

/* Begin PBXSourcesBuildPhase section */
		51D52BA02067C8E100898942 /* Sources */ = {
			isa = PBXSourcesBuildPhase;
			buildActionMask = 2147483647;
			files = (
				51CF18982067F31C0047EEAF /* Presenter.swift in Sources */,
				51CF18702067D9520047EEAF /* Demo.swift in Sources */,
				51CF18722067D9D80047EEAF /* Index.swift in Sources */,
				51CF186C2067D6DC0047EEAF /* ListTableViewCell.swift in Sources */,
				51D52BA82067C8E100898942 /* AppDelegate.swift in Sources */,
				510F157B2067D15600B2B87A /* ListViewController.swift in Sources */,
				51CF18742067DF820047EEAF /* RandomImageGeneratorDemoViewController.swift in Sources */,
				513D624720697A0F00B80804 /* IteratorGeneratorDemoViewController.swift in Sources */,
				516E4DD52067FC5400997079 /* DemoViewController.swift in Sources */,
			);
			runOnlyForDeploymentPostprocessing = 0;
		};
/* End PBXSourcesBuildPhase section */

/* Begin PBXTargetDependency section */
		51AB851B2067CA7B00FAADAE /* PBXTargetDependency */ = {
			isa = PBXTargetDependency;
			name = StateGenerator;
			targetProxy = 51AB851A2067CA7B00FAADAE /* PBXContainerItemProxy */;
		};
/* End PBXTargetDependency section */

/* Begin PBXVariantGroup section */
		51D52BAB2067C8E100898942 /* Main.storyboard */ = {
			isa = PBXVariantGroup;
			children = (
				51D52BAC2067C8E100898942 /* Base */,
			);
			name = Main.storyboard;
			sourceTree = "<group>";
		};
		51D52BB02067C8E100898942 /* LaunchScreen.storyboard */ = {
			isa = PBXVariantGroup;
			children = (
				51D52BB12067C8E100898942 /* Base */,
			);
			name = LaunchScreen.storyboard;
			sourceTree = "<group>";
		};
/* End PBXVariantGroup section */

/* Begin XCBuildConfiguration section */
		51D52BB42067C8E100898942 /* Debug */ = {
			isa = XCBuildConfiguration;
			buildSettings = {
				ALWAYS_SEARCH_USER_PATHS = NO;
				CLANG_ANALYZER_NONNULL = YES;
				CLANG_ANALYZER_NUMBER_OBJECT_CONVERSION = YES_AGGRESSIVE;
				CLANG_CXX_LANGUAGE_STANDARD = "gnu++14";
				CLANG_CXX_LIBRARY = "libc++";
				CLANG_ENABLE_MODULES = YES;
				CLANG_ENABLE_OBJC_ARC = YES;
				CLANG_WARN_BLOCK_CAPTURE_AUTORELEASING = YES;
				CLANG_WARN_BOOL_CONVERSION = YES;
				CLANG_WARN_COMMA = YES;
				CLANG_WARN_CONSTANT_CONVERSION = YES;
				CLANG_WARN_DIRECT_OBJC_ISA_USAGE = YES_ERROR;
				CLANG_WARN_DOCUMENTATION_COMMENTS = YES;
				CLANG_WARN_EMPTY_BODY = YES;
				CLANG_WARN_ENUM_CONVERSION = YES;
				CLANG_WARN_INFINITE_RECURSION = YES;
				CLANG_WARN_INT_CONVERSION = YES;
				CLANG_WARN_NON_LITERAL_NULL_CONVERSION = YES;
				CLANG_WARN_OBJC_LITERAL_CONVERSION = YES;
				CLANG_WARN_OBJC_ROOT_CLASS = YES_ERROR;
				CLANG_WARN_RANGE_LOOP_ANALYSIS = YES;
				CLANG_WARN_STRICT_PROTOTYPES = YES;
				CLANG_WARN_SUSPICIOUS_MOVE = YES;
				CLANG_WARN_UNGUARDED_AVAILABILITY = YES_AGGRESSIVE;
				CLANG_WARN_UNREACHABLE_CODE = YES;
				CLANG_WARN__DUPLICATE_METHOD_MATCH = YES;
				CODE_SIGN_IDENTITY = "iPhone Developer";
				COPY_PHASE_STRIP = NO;
				DEBUG_INFORMATION_FORMAT = dwarf;
				ENABLE_STRICT_OBJC_MSGSEND = YES;
				ENABLE_TESTABILITY = YES;
				GCC_C_LANGUAGE_STANDARD = gnu11;
				GCC_DYNAMIC_NO_PIC = NO;
				GCC_NO_COMMON_BLOCKS = YES;
				GCC_OPTIMIZATION_LEVEL = 0;
				GCC_PREPROCESSOR_DEFINITIONS = (
					"DEBUG=1",
					"$(inherited)",
				);
				GCC_WARN_64_TO_32_BIT_CONVERSION = YES;
				GCC_WARN_ABOUT_RETURN_TYPE = YES_ERROR;
				GCC_WARN_UNDECLARED_SELECTOR = YES;
				GCC_WARN_UNINITIALIZED_AUTOS = YES_AGGRESSIVE;
				GCC_WARN_UNUSED_FUNCTION = YES;
				GCC_WARN_UNUSED_VARIABLE = YES;
				IPHONEOS_DEPLOYMENT_TARGET = 11.2;
				MTL_ENABLE_DEBUG_INFO = YES;
				ONLY_ACTIVE_ARCH = YES;
				SDKROOT = iphoneos;
				SWIFT_ACTIVE_COMPILATION_CONDITIONS = DEBUG;
				SWIFT_OPTIMIZATION_LEVEL = "-Onone";
			};
			name = Debug;
		};
		51D52BB52067C8E100898942 /* Release */ = {
			isa = XCBuildConfiguration;
			buildSettings = {
				ALWAYS_SEARCH_USER_PATHS = NO;
				CLANG_ANALYZER_NONNULL = YES;
				CLANG_ANALYZER_NUMBER_OBJECT_CONVERSION = YES_AGGRESSIVE;
				CLANG_CXX_LANGUAGE_STANDARD = "gnu++14";
				CLANG_CXX_LIBRARY = "libc++";
				CLANG_ENABLE_MODULES = YES;
				CLANG_ENABLE_OBJC_ARC = YES;
				CLANG_WARN_BLOCK_CAPTURE_AUTORELEASING = YES;
				CLANG_WARN_BOOL_CONVERSION = YES;
				CLANG_WARN_COMMA = YES;
				CLANG_WARN_CONSTANT_CONVERSION = YES;
				CLANG_WARN_DIRECT_OBJC_ISA_USAGE = YES_ERROR;
				CLANG_WARN_DOCUMENTATION_COMMENTS = YES;
				CLANG_WARN_EMPTY_BODY = YES;
				CLANG_WARN_ENUM_CONVERSION = YES;
				CLANG_WARN_INFINITE_RECURSION = YES;
				CLANG_WARN_INT_CONVERSION = YES;
				CLANG_WARN_NON_LITERAL_NULL_CONVERSION = YES;
				CLANG_WARN_OBJC_LITERAL_CONVERSION = YES;
				CLANG_WARN_OBJC_ROOT_CLASS = YES_ERROR;
				CLANG_WARN_RANGE_LOOP_ANALYSIS = YES;
				CLANG_WARN_STRICT_PROTOTYPES = YES;
				CLANG_WARN_SUSPICIOUS_MOVE = YES;
				CLANG_WARN_UNGUARDED_AVAILABILITY = YES_AGGRESSIVE;
				CLANG_WARN_UNREACHABLE_CODE = YES;
				CLANG_WARN__DUPLICATE_METHOD_MATCH = YES;
				CODE_SIGN_IDENTITY = "iPhone Developer";
				COPY_PHASE_STRIP = NO;
				DEBUG_INFORMATION_FORMAT = "dwarf-with-dsym";
				ENABLE_NS_ASSERTIONS = NO;
				ENABLE_STRICT_OBJC_MSGSEND = YES;
				GCC_C_LANGUAGE_STANDARD = gnu11;
				GCC_NO_COMMON_BLOCKS = YES;
				GCC_WARN_64_TO_32_BIT_CONVERSION = YES;
				GCC_WARN_ABOUT_RETURN_TYPE = YES_ERROR;
				GCC_WARN_UNDECLARED_SELECTOR = YES;
				GCC_WARN_UNINITIALIZED_AUTOS = YES_AGGRESSIVE;
				GCC_WARN_UNUSED_FUNCTION = YES;
				GCC_WARN_UNUSED_VARIABLE = YES;
				IPHONEOS_DEPLOYMENT_TARGET = 11.2;
				MTL_ENABLE_DEBUG_INFO = NO;
				SDKROOT = iphoneos;
				SWIFT_OPTIMIZATION_LEVEL = "-Owholemodule";
				VALIDATE_PRODUCT = YES;
			};
			name = Release;
		};
		51D52BB72067C8E100898942 /* Debug */ = {
			isa = XCBuildConfiguration;
			buildSettings = {
				ASSETCATALOG_COMPILER_APPICON_NAME = AppIcon;
				CODE_SIGN_STYLE = Automatic;
				INFOPLIST_FILE = Examples/Info.plist;
				LD_RUNPATH_SEARCH_PATHS = "$(inherited) @executable_path/Frameworks";
				PRODUCT_BUNDLE_IDENTIFIER = me.iwanicki.StateGeneratorExamples;
				PRODUCT_NAME = "$(TARGET_NAME)";
				SWIFT_VERSION = 4.0;
				TARGETED_DEVICE_FAMILY = "1,2";
			};
			name = Debug;
		};
		51D52BB82067C8E100898942 /* Release */ = {
			isa = XCBuildConfiguration;
			buildSettings = {
				ASSETCATALOG_COMPILER_APPICON_NAME = AppIcon;
				CODE_SIGN_STYLE = Automatic;
				INFOPLIST_FILE = Examples/Info.plist;
				LD_RUNPATH_SEARCH_PATHS = "$(inherited) @executable_path/Frameworks";
				PRODUCT_BUNDLE_IDENTIFIER = me.iwanicki.StateGeneratorExamples;
				PRODUCT_NAME = "$(TARGET_NAME)";
				SWIFT_VERSION = 4.0;
				TARGETED_DEVICE_FAMILY = "1,2";
			};
			name = Release;
		};
/* End XCBuildConfiguration section */

/* Begin XCConfigurationList section */
		51D52B9F2067C8E100898942 /* Build configuration list for PBXProject "StateGeneratorExamples" */ = {
			isa = XCConfigurationList;
			buildConfigurations = (
				51D52BB42067C8E100898942 /* Debug */,
				51D52BB52067C8E100898942 /* Release */,
			);
			defaultConfigurationIsVisible = 0;
			defaultConfigurationName = Release;
		};
		51D52BB62067C8E100898942 /* Build configuration list for PBXNativeTarget "StateGeneratorExamples" */ = {
			isa = XCConfigurationList;
			buildConfigurations = (
				51D52BB72067C8E100898942 /* Debug */,
				51D52BB82067C8E100898942 /* Release */,
			);
			defaultConfigurationIsVisible = 0;
			defaultConfigurationName = Release;
		};
/* End XCConfigurationList section */
	};
	rootObject = 51D52B9C2067C8E100898942 /* Project object */;
}
